
Microsoft Visual Studio Solution File, Format Version 12.00
# Visual Studio Version 17
VisualStudioVersion = 17.0.31903.59
MinimumVisualStudioVersion = 10.0.40219.1
Project("{9A19103F-16F7-4668-BE54-9A1E7A4F7556}") = "SGE.Aplicacion", "SGE.Aplicacion\SGE.Aplicacion.csproj", "{862791C1-E082-4DD5-90FD-2D6450F25990}"
EndProject
Project("{9A19103F-16F7-4668-BE54-9A1E7A4F7556}") = "SGE.Repositorios", "SGE.Repositorios\SGE.Repositorios.csproj", "{0837C2B2-2D90-45E3-B646-D94288B0C927}"
EndProject
Project("{9A19103F-16F7-4668-BE54-9A1E7A4F7556}") = "SGE.UI", "SGE.UI\SGE.UI.csproj", "{0507B315-4058-4A24-AD4E-AC150B81DFE0}"
EndProject
Global
	GlobalSection(SolutionConfigurationPlatforms) = preSolution
		Debug|Any CPU = Debug|Any CPU
		Release|Any CPU = Release|Any CPU
	EndGlobalSection
	GlobalSection(ProjectConfigurationPlatforms) = postSolution
		{862791C1-E082-4DD5-90FD-2D6450F25990}.Debug|Any CPU.ActiveCfg = Debug|Any CPU
		{862791C1-E082-4DD5-90FD-2D6450F25990}.Debug|Any CPU.Build.0 = Debug|Any CPU
		{862791C1-E082-4DD5-90FD-2D6450F25990}.Release|Any CPU.ActiveCfg = Release|Any CPU
		{862791C1-E082-4DD5-90FD-2D6450F25990}.Release|Any CPU.Build.0 = Release|Any CPU
		{0837C2B2-2D90-45E3-B646-D94288B0C927}.Debug|Any CPU.ActiveCfg = Debug|Any CPU
		{0837C2B2-2D90-45E3-B646-D94288B0C927}.Debug|Any CPU.Build.0 = Debug|Any CPU
		{0837C2B2-2D90-45E3-B646-D94288B0C927}.Release|Any CPU.ActiveCfg = Release|Any CPU
		{0837C2B2-2D90-45E3-B646-D94288B0C927}.Release|Any CPU.Build.0 = Release|Any CPU
		{0507B315-4058-4A24-AD4E-AC150B81DFE0}.Debug|Any CPU.ActiveCfg = Debug|Any CPU
		{0507B315-4058-4A24-AD4E-AC150B81DFE0}.Debug|Any CPU.Build.0 = Debug|Any CPU
		{0507B315-4058-4A24-AD4E-AC150B81DFE0}.Release|Any CPU.ActiveCfg = Release|Any CPU
		{0507B315-4058-4A24-AD4E-AC150B81DFE0}.Release|Any CPU.Build.0 = Release|Any CPU
	EndGlobalSection
	GlobalSection(SolutionProperties) = preSolution
		HideSolutionNode = FALSE
	EndGlobalSection
	GlobalSection(ExtensibilityGlobals) = postSolution
		SolutionGuid = {9A52585C-2F79-47B6-BD91-17F3EE4557D1}
	EndGlobalSection
EndGlobal
